
Microsoft Visual Studio Solution File, Format Version 12.00
# Visual Studio Version 16
VisualStudioVersion = 16.0.30330.147
MinimumVisualStudioVersion = 10.0.40219.1
Project("{FAE04EC0-301F-11D3-BF4B-00C04F79EFBC}") = "iAttend", "iAttend.csproj", "{44914144-95A4-438E-B8D6-A2D97C37511A}"
EndProject
Global
	GlobalSection(SolutionConfigurationPlatforms) = preSolution
		Debug|Any CPU = Debug|Any CPU
		Release|Any CPU = Release|Any CPU
	EndGlobalSection
	GlobalSection(ProjectConfigurationPlatforms) = postSolution
		{44914144-95A4-438E-B8D6-A2D97C37511A}.Debug|Any CPU.ActiveCfg = Debug|Any CPU
		{44914144-95A4-438E-B8D6-A2D97C37511A}.Debug|Any CPU.Build.0 = Debug|Any CPU
		{44914144-95A4-438E-B8D6-A2D97C37511A}.Release|Any CPU.ActiveCfg = Release|Any CPU
		{44914144-95A4-438E-B8D6-A2D97C37511A}.Release|Any CPU.Build.0 = Release|Any CPU
	EndGlobalSection
	GlobalSection(SolutionProperties) = preSolution
		HideSolutionNode = FALSE
	EndGlobalSection
	GlobalSection(ExtensibilityGlobals) = postSolution
		SolutionGuid = {84FDA6E7-A14C-4CAD-90CC-10E409D7A45A}
	EndGlobalSection
EndGlobal
